
Microsoft Visual Studio Solution File, Format Version 12.00
# Visual Studio Version 17
VisualStudioVersion = 17.12.35527.113
MinimumVisualStudioVersion = 10.0.40219.1
Project("{FAE04EC0-301F-11D3-BF4B-00C04F79EFBC}") = "Challenges.Api", "Challenges.Api\Challenges.Api.csproj", "{E4213430-7641-4D4E-9F94-A5933EC8FBE6}"
EndProject
Project("{FAE04EC0-301F-11D3-BF4B-00C04F79EFBC}") = "Challenges.Application", "Challenges.Application\Challenges.Application.csproj", "{EDEEDE7D-B31D-4DAE-88DD-BAC071488016}"
EndProject
Project("{FAE04EC0-301F-11D3-BF4B-00C04F79EFBC}") = "Challenges.Contracts", "Challenges.Contracts\Challenges.Contracts.csproj", "{6E2C4B47-77C9-4F08-8850-1E13E8335070}"
EndProject
Global
	GlobalSection(SolutionConfigurationPlatforms) = preSolution
		Debug|Any CPU = Debug|Any CPU
		Release|Any CPU = Release|Any CPU
	EndGlobalSection
	GlobalSection(ProjectConfigurationPlatforms) = postSolution
		{E4213430-7641-4D4E-9F94-A5933EC8FBE6}.Debug|Any CPU.ActiveCfg = Debug|Any CPU
		{E4213430-7641-4D4E-9F94-A5933EC8FBE6}.Debug|Any CPU.Build.0 = Debug|Any CPU
		{E4213430-7641-4D4E-9F94-A5933EC8FBE6}.Release|Any CPU.ActiveCfg = Release|Any CPU
		{E4213430-7641-4D4E-9F94-A5933EC8FBE6}.Release|Any CPU.Build.0 = Release|Any CPU
		{EDEEDE7D-B31D-4DAE-88DD-BAC071488016}.Debug|Any CPU.ActiveCfg = Debug|Any CPU
		{EDEEDE7D-B31D-4DAE-88DD-BAC071488016}.Debug|Any CPU.Build.0 = Debug|Any CPU
		{EDEEDE7D-B31D-4DAE-88DD-BAC071488016}.Release|Any CPU.ActiveCfg = Release|Any CPU
		{EDEEDE7D-B31D-4DAE-88DD-BAC071488016}.Release|Any CPU.Build.0 = Release|Any CPU
		{6E2C4B47-77C9-4F08-8850-1E13E8335070}.Debug|Any CPU.ActiveCfg = Debug|Any CPU
		{6E2C4B47-77C9-4F08-8850-1E13E8335070}.Debug|Any CPU.Build.0 = Debug|Any CPU
		{6E2C4B47-77C9-4F08-8850-1E13E8335070}.Release|Any CPU.ActiveCfg = Release|Any CPU
		{6E2C4B47-77C9-4F08-8850-1E13E8335070}.Release|Any CPU.Build.0 = Release|Any CPU
	EndGlobalSection
	GlobalSection(SolutionProperties) = preSolution
		HideSolutionNode = FALSE
	EndGlobalSection
EndGlobal
